
Microsoft Visual Studio Solution File, Format Version 12.00
# Visual Studio Version 16
VisualStudioVersion = 16.0.33927.289
MinimumVisualStudioVersion = 10.0.40219.1
Project("{2150E333-8FDC-42A3-9474-1A3956D46DE8}") = "Task0", "Task0", "{3F40E1C4-FEE7-4B17-A66A-0B28DB5A4FF2}"
EndProject
Project("{FAE04EC0-301F-11D3-BF4B-00C04F79EFBC}") = "Tyuiu.DolgihEN.Sprint0.Task0.V0", "Tyuiu.DolgihEN.Sprint0.Task0.V0\Tyuiu.DolgihEN.Sprint0.Task0.V0.csproj", "{333AB849-8CFC-4099-BAF0-FC3160AEEFF0}"
EndProject
Project("{2150E333-8FDC-42A3-9474-1A3956D46DE8}") = "Task1", "Task1", "{D6FAC4F7-8089-4A5C-A817-EF964E400184}"
EndProject
Project("{FAE04EC0-301F-11D3-BF4B-00C04F79EFBC}") = "Tyuiu.DolgihEN.Sprint0.Task1.V0", "Tyuiu.DolgihEN.Sprint0.Task1.V0\Tyuiu.DolgihEN.Sprint0.Task1.V0.csproj", "{C722D7A0-829C-4C1B-9D41-08DBB0731F4D}"
EndProject
Project("{2150E333-8FDC-42A3-9474-1A3956D46DE8}") = "Task2", "Task2", "{1B0C6CB4-6B99-4B57-85A8-49E6E926F853}"
EndProject
Project("{FAE04EC0-301F-11D3-BF4B-00C04F79EFBC}") = "Tyuiu.DolgihEN.Sprint0.Task2.V0", "Tyuiu.DolgihEN.Sprint0.Task2.V0\Tyuiu.DolgihEN.Sprint0.Task2.V0.csproj", "{3A88D492-BA9F-4B9A-AC86-E6532C1B27AC}"
EndProject
Project("{FAE04EC0-301F-11D3-BF4B-00C04F79EFBC}") = "Tyuiu.DolgihEN.Sprint0.Task2.V0.Lib", "Tyuiu.DolgihEN.Sprint0.Task2.V0.Lib\Tyuiu.DolgihEN.Sprint0.Task2.V0.Lib.csproj", "{595ECFB4-60D9-4A61-861C-49EDA4B23E87}"
EndProject
Project("{FAE04EC0-301F-11D3-BF4B-00C04F79EFBC}") = "Tyuiu.DolgihEN.Sprint0.Task2.V0.Test", "Tyuiu.DolgihEN.Sprint0.Task2.V0.Test\Tyuiu.DolgihEN.Sprint0.Task2.V0.Test.csproj", "{1897A903-73C5-48D2-BDDD-B2EF255D0F1E}"
EndProject
Project("{2150E333-8FDC-42A3-9474-1A3956D46DE8}") = "Task3", "Task3", "{A5F26035-F1B2-4E45-A562-2E3C8D91B69E}"
EndProject
Project("{FAE04EC0-301F-11D3-BF4B-00C04F79EFBC}") = "Tyuiu.DolgihEN.Sprint0.Task3.V0", "Tyuiu.DolgihEN.Sprint0.Task3.V0\Tyuiu.DolgihEN.Sprint0.Task3.V0.csproj", "{5F182759-343F-4963-BED8-CB32F4F1C8FA}"
EndProject
Project("{FAE04EC0-301F-11D3-BF4B-00C04F79EFBC}") = "Tyuiu.DolgihEN.Sprint0.Task3.V0.Test", "Tyuiu.DolgihEN.Sprint0.Task3.V0.Test\Tyuiu.DolgihEN.Sprint0.Task3.V0.Test.csproj", "{0D9F0241-BDBC-4BF7-9FFA-BABB4A347A9C}"
EndProject
Project("{FAE04EC0-301F-11D3-BF4B-00C04F79EFBC}") = "Tyuiu.DolgihEN.Sprint0.Task3.V0.Lib", "Tyuiu.DolgihEN.Sprint0.Task3.V0.Lib\Tyuiu.DolgihEN.Sprint0.Task3.V0.Lib.csproj", "{0F170409-E73A-478D-9638-08F703F17682}"
EndProject
Project("{2150E333-8FDC-42A3-9474-1A3956D46DE8}") = "Task4", "Task4", "{60264E6C-5B68-41D4-9F43-75C7F4184EC3}"
EndProject
Project("{FAE04EC0-301F-11D3-BF4B-00C04F79EFBC}") = "Tyuiu.DolgihEN.Sprint0.Task4.V0", "Tyuiu.DolgihEN.Sprint0.Task4.V0\Tyuiu.DolgihEN.Sprint0.Task4.V0.csproj", "{F1E95E61-3A64-4FF1-9EA0-BB9BAE53120D}"
EndProject
Project("{FAE04EC0-301F-11D3-BF4B-00C04F79EFBC}") = "Tyuiu.DolgihEN.Sprint0.Task4.V0.Lib", "Tyuiu.DolgihEN.Sprint0.Task4.V0.Lib\Tyuiu.DolgihEN.Sprint0.Task4.V0.Lib.csproj", "{31473C4B-BFB0-417E-9D2A-82B1E597B751}"
EndProject
Project("{FAE04EC0-301F-11D3-BF4B-00C04F79EFBC}") = "Tyuiu.DolgihEN.Sprint0.Task4.V0.Test", "Tyuiu.DolgihEN.Sprint0.Task4.V0.Test\Tyuiu.DolgihEN.Sprint0.Task4.V0.Test.csproj", "{71D45C4B-66BB-4CF6-BEDE-EF1F6C656FBA}"
EndProject
Project("{2150E333-8FDC-42A3-9474-1A3956D46DE8}") = "Task5", "Task5", "{353AE3DF-3A82-492B-A4FA-2DFE4AAFF0C7}"
EndProject
Project("{FAE04EC0-301F-11D3-BF4B-00C04F79EFBC}") = "Tyuiu.DolgihEN.Sprint0.Task5.V0", "Tyuiu.DolgihEN.Sprint0.Task5.V0\Tyuiu.DolgihEN.Sprint0.Task5.V0.csproj", "{966EEA07-419A-4AA2-95C3-2D929FDB201F}"
EndProject
Project("{FAE04EC0-301F-11D3-BF4B-00C04F79EFBC}") = "Tyuiu.DolgihEN.Sprint0.Task5.V0.Lib", "Tyuiu.DolgihEN.Sprint0.Task5.V0.Lib\Tyuiu.DolgihEN.Sprint0.Task5.V0.Lib.csproj", "{1B79DCFF-CBE7-4963-AD0B-1E5BF0DAFC44}"
EndProject
Project("{FAE04EC0-301F-11D3-BF4B-00C04F79EFBC}") = "Tyuiu.DolgihEN.Sprint0.Task5.V0.Test", "Tyuiu.DolgihEN.Sprint0.Task5.V0.Test\Tyuiu.DolgihEN.Sprint0.Task5.V0.Test.csproj", "{18B00631-FDE5-4AD0-BD8E-59AD71B6E988}"
EndProject
Project("{2150E333-8FDC-42A3-9474-1A3956D46DE8}") = "Task6", "Task6", "{A27260DB-3117-4584-B10C-966CED1E3596}"
EndProject
Project("{FAE04EC0-301F-11D3-BF4B-00C04F79EFBC}") = "Tyuiu.DolgihEN.Sprint0.Task6.V0", "Tyuiu.DolgihEN.Sprint0.Task6.V0\Tyuiu.DolgihEN.Sprint0.Task6.V0.csproj", "{2DD1BE98-4986-4128-90F3-4E915F56806E}"
EndProject
Project("{FAE04EC0-301F-11D3-BF4B-00C04F79EFBC}") = "Tyuiu.DolgihEN.Sprint0.Task6.V0.Lib", "Tyuiu.DolgihEN.Sprint0.Task6.V0.Lib\Tyuiu.DolgihEN.Sprint0.Task6.V0.Lib.csproj", "{CEC39274-026D-4D61-BA0A-447A3FB3EA39}"
EndProject
Project("{FAE04EC0-301F-11D3-BF4B-00C04F79EFBC}") = "Tyuiu.DolgihEN.Sprint0.Task6.V0.Test", "Tyuiu.DolgihEN.Sprint0.Task6.V0.Test\Tyuiu.DolgihEN.Sprint0.Task6.V0.Test.csproj", "{7D425D03-595A-4412-AF93-7D42C21131EF}"
EndProject
Project("{2150E333-8FDC-42A3-9474-1A3956D46DE8}") = "Task7", "Task7", "{6DE58919-642C-409B-AD37-FEBD404A6640}"
EndProject
Project("{FAE04EC0-301F-11D3-BF4B-00C04F79EFBC}") = "Tyuiu.DolgihEN.Sprint0.Task7.V0", "Tyuiu.DolgihEN.Sprint0.Task7.V0\Tyuiu.DolgihEN.Sprint0.Task7.V0.csproj", "{452200C3-320C-40FC-A00C-4019F9490E08}"
EndProject
Project("{FAE04EC0-301F-11D3-BF4B-00C04F79EFBC}") = "Tyuiu.DolgihEN.Sprint0.Task7.V0.Lib", "Tyuiu.DolgihEN.Sprint0.Task7.V0.Lib\Tyuiu.DolgihEN.Sprint0.Task7.V0.Lib.csproj", "{D356D153-9456-4176-BBF0-0EEE24431FBD}"
EndProject
Project("{FAE04EC0-301F-11D3-BF4B-00C04F79EFBC}") = "Tyuiu.DolgihEN.Sprint0.Task7.V0.Test", "Tyuiu.DolgihEN.Sprint0.Task7.V0.Test\Tyuiu.DolgihEN.Sprint0.Task7.V0.Test.csproj", "{B87F6BA8-662F-46AA-96C1-BD8F20EEAEE7}"
EndProject
Global
	GlobalSection(SolutionConfigurationPlatforms) = preSolution
		Debug|Any CPU = Debug|Any CPU
		Release|Any CPU = Release|Any CPU
	EndGlobalSection
	GlobalSection(ProjectConfigurationPlatforms) = postSolution
		{333AB849-8CFC-4099-BAF0-FC3160AEEFF0}.Debug|Any CPU.ActiveCfg = Debug|Any CPU
		{333AB849-8CFC-4099-BAF0-FC3160AEEFF0}.Debug|Any CPU.Build.0 = Debug|Any CPU
		{333AB849-8CFC-4099-BAF0-FC3160AEEFF0}.Release|Any CPU.ActiveCfg = Release|Any CPU
		{333AB849-8CFC-4099-BAF0-FC3160AEEFF0}.Release|Any CPU.Build.0 = Release|Any CPU
		{C722D7A0-829C-4C1B-9D41-08DBB0731F4D}.Debug|Any CPU.ActiveCfg = Debug|Any CPU
		{C722D7A0-829C-4C1B-9D41-08DBB0731F4D}.Debug|Any CPU.Build.0 = Debug|Any CPU
		{C722D7A0-829C-4C1B-9D41-08DBB0731F4D}.Release|Any CPU.ActiveCfg = Release|Any CPU
		{C722D7A0-829C-4C1B-9D41-08DBB0731F4D}.Release|Any CPU.Build.0 = Release|Any CPU
		{3A88D492-BA9F-4B9A-AC86-E6532C1B27AC}.Debug|Any CPU.ActiveCfg = Debug|Any CPU
		{3A88D492-BA9F-4B9A-AC86-E6532C1B27AC}.Debug|Any CPU.Build.0 = Debug|Any CPU
		{3A88D492-BA9F-4B9A-AC86-E6532C1B27AC}.Release|Any CPU.ActiveCfg = Release|Any CPU
		{3A88D492-BA9F-4B9A-AC86-E6532C1B27AC}.Release|Any CPU.Build.0 = Release|Any CPU
		{595ECFB4-60D9-4A61-861C-49EDA4B23E87}.Debug|Any CPU.ActiveCfg = Debug|Any CPU
		{595ECFB4-60D9-4A61-861C-49EDA4B23E87}.Debug|Any CPU.Build.0 = Debug|Any CPU
		{595ECFB4-60D9-4A61-861C-49EDA4B23E87}.Release|Any CPU.ActiveCfg = Release|Any CPU
		{595ECFB4-60D9-4A61-861C-49EDA4B23E87}.Release|Any CPU.Build.0 = Release|Any CPU
		{1897A903-73C5-48D2-BDDD-B2EF255D0F1E}.Debug|Any CPU.ActiveCfg = Debug|Any CPU
		{1897A903-73C5-48D2-BDDD-B2EF255D0F1E}.Debug|Any CPU.Build.0 = Debug|Any CPU
		{1897A903-73C5-48D2-BDDD-B2EF255D0F1E}.Release|Any CPU.ActiveCfg = Release|Any CPU
		{1897A903-73C5-48D2-BDDD-B2EF255D0F1E}.Release|Any CPU.Build.0 = Release|Any CPU
		{5F182759-343F-4963-BED8-CB32F4F1C8FA}.Debug|Any CPU.ActiveCfg = Debug|Any CPU
		{5F182759-343F-4963-BED8-CB32F4F1C8FA}.Debug|Any CPU.Build.0 = Debug|Any CPU
		{5F182759-343F-4963-BED8-CB32F4F1C8FA}.Release|Any CPU.ActiveCfg = Release|Any CPU
		{5F182759-343F-4963-BED8-CB32F4F1C8FA}.Release|Any CPU.Build.0 = Release|Any CPU
		{0D9F0241-BDBC-4BF7-9FFA-BABB4A347A9C}.Debug|Any CPU.ActiveCfg = Debug|Any CPU
		{0D9F0241-BDBC-4BF7-9FFA-BABB4A347A9C}.Debug|Any CPU.Build.0 = Debug|Any CPU
		{0D9F0241-BDBC-4BF7-9FFA-BABB4A347A9C}.Release|Any CPU.ActiveCfg = Release|Any CPU
		{0D9F0241-BDBC-4BF7-9FFA-BABB4A347A9C}.Release|Any CPU.Build.0 = Release|Any CPU
		{0F170409-E73A-478D-9638-08F703F17682}.Debug|Any CPU.ActiveCfg = Debug|Any CPU
		{0F170409-E73A-478D-9638-08F703F17682}.Debug|Any CPU.Build.0 = Debug|Any CPU
		{0F170409-E73A-478D-9638-08F703F17682}.Release|Any CPU.ActiveCfg = Release|Any CPU
		{0F170409-E73A-478D-9638-08F703F17682}.Release|Any CPU.Build.0 = Release|Any CPU
		{F1E95E61-3A64-4FF1-9EA0-BB9BAE53120D}.Debug|Any CPU.ActiveCfg = Debug|Any CPU
		{F1E95E61-3A64-4FF1-9EA0-BB9BAE53120D}.Debug|Any CPU.Build.0 = Debug|Any CPU
		{F1E95E61-3A64-4FF1-9EA0-BB9BAE53120D}.Release|Any CPU.ActiveCfg = Release|Any CPU
		{F1E95E61-3A64-4FF1-9EA0-BB9BAE53120D}.Release|Any CPU.Build.0 = Release|Any CPU
		{31473C4B-BFB0-417E-9D2A-82B1E597B751}.Debug|Any CPU.ActiveCfg = Debug|Any CPU
		{31473C4B-BFB0-417E-9D2A-82B1E597B751}.Debug|Any CPU.Build.0 = Debug|Any CPU
		{31473C4B-BFB0-417E-9D2A-82B1E597B751}.Release|Any CPU.ActiveCfg = Release|Any CPU
		{31473C4B-BFB0-417E-9D2A-82B1E597B751}.Release|Any CPU.Build.0 = Release|Any CPU
		{71D45C4B-66BB-4CF6-BEDE-EF1F6C656FBA}.Debug|Any CPU.ActiveCfg = Debug|Any CPU
		{71D45C4B-66BB-4CF6-BEDE-EF1F6C656FBA}.Debug|Any CPU.Build.0 = Debug|Any CPU
		{71D45C4B-66BB-4CF6-BEDE-EF1F6C656FBA}.Release|Any CPU.ActiveCfg = Release|Any CPU
		{71D45C4B-66BB-4CF6-BEDE-EF1F6C656FBA}.Release|Any CPU.Build.0 = Release|Any CPU
		{966EEA07-419A-4AA2-95C3-2D929FDB201F}.Debug|Any CPU.ActiveCfg = Debug|Any CPU
		{966EEA07-419A-4AA2-95C3-2D929FDB201F}.Debug|Any CPU.Build.0 = Debug|Any CPU
		{966EEA07-419A-4AA2-95C3-2D929FDB201F}.Release|Any CPU.ActiveCfg = Release|Any CPU
		{966EEA07-419A-4AA2-95C3-2D929FDB201F}.Release|Any CPU.Build.0 = Release|Any CPU
		{1B79DCFF-CBE7-4963-AD0B-1E5BF0DAFC44}.Debug|Any CPU.ActiveCfg = Debug|Any CPU
		{1B79DCFF-CBE7-4963-AD0B-1E5BF0DAFC44}.Debug|Any CPU.Build.0 = Debug|Any CPU
		{1B79DCFF-CBE7-4963-AD0B-1E5BF0DAFC44}.Release|Any CPU.ActiveCfg = Release|Any CPU
		{1B79DCFF-CBE7-4963-AD0B-1E5BF0DAFC44}.Release|Any CPU.Build.0 = Release|Any CPU
		{18B00631-FDE5-4AD0-BD8E-59AD71B6E988}.Debug|Any CPU.ActiveCfg = Debug|Any CPU
		{18B00631-FDE5-4AD0-BD8E-59AD71B6E988}.Debug|Any CPU.Build.0 = Debug|Any CPU
		{18B00631-FDE5-4AD0-BD8E-59AD71B6E988}.Release|Any CPU.ActiveCfg = Release|Any CPU
		{18B00631-FDE5-4AD0-BD8E-59AD71B6E988}.Release|Any CPU.Build.0 = Release|Any CPU
		{2DD1BE98-4986-4128-90F3-4E915F56806E}.Debug|Any CPU.ActiveCfg = Debug|Any CPU
		{2DD1BE98-4986-4128-90F3-4E915F56806E}.Debug|Any CPU.Build.0 = Debug|Any CPU
		{2DD1BE98-4986-4128-90F3-4E915F56806E}.Release|Any CPU.ActiveCfg = Release|Any CPU
		{2DD1BE98-4986-4128-90F3-4E915F56806E}.Release|Any CPU.Build.0 = Release|Any CPU
		{CEC39274-026D-4D61-BA0A-447A3FB3EA39}.Debug|Any CPU.ActiveCfg = Debug|Any CPU
		{CEC39274-026D-4D61-BA0A-447A3FB3EA39}.Debug|Any CPU.Build.0 = Debug|Any CPU
		{CEC39274-026D-4D61-BA0A-447A3FB3EA39}.Release|Any CPU.ActiveCfg = Release|Any CPU
		{CEC39274-026D-4D61-BA0A-447A3FB3EA39}.Release|Any CPU.Build.0 = Release|Any CPU
		{7D425D03-595A-4412-AF93-7D42C21131EF}.Debug|Any CPU.ActiveCfg = Debug|Any CPU
		{7D425D03-595A-4412-AF93-7D42C21131EF}.Debug|Any CPU.Build.0 = Debug|Any CPU
		{7D425D03-595A-4412-AF93-7D42C21131EF}.Release|Any CPU.ActiveCfg = Release|Any CPU
		{7D425D03-595A-4412-AF93-7D42C21131EF}.Release|Any CPU.Build.0 = Release|Any CPU
		{452200C3-320C-40FC-A00C-4019F9490E08}.Debug|Any CPU.ActiveCfg = Debug|Any CPU
		{452200C3-320C-40FC-A00C-4019F9490E08}.Debug|Any CPU.Build.0 = Debug|Any CPU
		{452200C3-320C-40FC-A00C-4019F9490E08}.Release|Any CPU.ActiveCfg = Release|Any CPU
		{452200C3-320C-40FC-A00C-4019F9490E08}.Release|Any CPU.Build.0 = Release|Any CPU
		{D356D153-9456-4176-BBF0-0EEE24431FBD}.Debug|Any CPU.ActiveCfg = Debug|Any CPU
		{D356D153-9456-4176-BBF0-0EEE24431FBD}.Debug|Any CPU.Build.0 = Debug|Any CPU
		{D356D153-9456-4176-BBF0-0EEE24431FBD}.Release|Any CPU.ActiveCfg = Release|Any CPU
		{D356D153-9456-4176-BBF0-0EEE24431FBD}.Release|Any CPU.Build.0 = Release|Any CPU
		{B87F6BA8-662F-46AA-96C1-BD8F20EEAEE7}.Debug|Any CPU.ActiveCfg = Debug|Any CPU
		{B87F6BA8-662F-46AA-96C1-BD8F20EEAEE7}.Debug|Any CPU.Build.0 = Debug|Any CPU
		{B87F6BA8-662F-46AA-96C1-BD8F20EEAEE7}.Release|Any CPU.ActiveCfg = Release|Any CPU
		{B87F6BA8-662F-46AA-96C1-BD8F20EEAEE7}.Release|Any CPU.Build.0 = Release|Any CPU
	EndGlobalSection
	GlobalSection(SolutionProperties) = preSolution
		HideSolutionNode = FALSE
	EndGlobalSection
	GlobalSection(NestedProjects) = preSolution
		{333AB849-8CFC-4099-BAF0-FC3160AEEFF0} = {3F40E1C4-FEE7-4B17-A66A-0B28DB5A4FF2}
		{C722D7A0-829C-4C1B-9D41-08DBB0731F4D} = {D6FAC4F7-8089-4A5C-A817-EF964E400184}
		{3A88D492-BA9F-4B9A-AC86-E6532C1B27AC} = {1B0C6CB4-6B99-4B57-85A8-49E6E926F853}
		{595ECFB4-60D9-4A61-861C-49EDA4B23E87} = {1B0C6CB4-6B99-4B57-85A8-49E6E926F853}
		{1897A903-73C5-48D2-BDDD-B2EF255D0F1E} = {1B0C6CB4-6B99-4B57-85A8-49E6E926F853}
		{5F182759-343F-4963-BED8-CB32F4F1C8FA} = {A5F26035-F1B2-4E45-A562-2E3C8D91B69E}
		{0D9F0241-BDBC-4BF7-9FFA-BABB4A347A9C} = {A5F26035-F1B2-4E45-A562-2E3C8D91B69E}
		{0F170409-E73A-478D-9638-08F703F17682} = {A5F26035-F1B2-4E45-A562-2E3C8D91B69E}
		{F1E95E61-3A64-4FF1-9EA0-BB9BAE53120D} = {60264E6C-5B68-41D4-9F43-75C7F4184EC3}
		{31473C4B-BFB0-417E-9D2A-82B1E597B751} = {60264E6C-5B68-41D4-9F43-75C7F4184EC3}
		{71D45C4B-66BB-4CF6-BEDE-EF1F6C656FBA} = {60264E6C-5B68-41D4-9F43-75C7F4184EC3}
		{966EEA07-419A-4AA2-95C3-2D929FDB201F} = {353AE3DF-3A82-492B-A4FA-2DFE4AAFF0C7}
		{1B79DCFF-CBE7-4963-AD0B-1E5BF0DAFC44} = {353AE3DF-3A82-492B-A4FA-2DFE4AAFF0C7}
		{18B00631-FDE5-4AD0-BD8E-59AD71B6E988} = {353AE3DF-3A82-492B-A4FA-2DFE4AAFF0C7}
		{2DD1BE98-4986-4128-90F3-4E915F56806E} = {A27260DB-3117-4584-B10C-966CED1E3596}
		{CEC39274-026D-4D61-BA0A-447A3FB3EA39} = {A27260DB-3117-4584-B10C-966CED1E3596}
		{7D425D03-595A-4412-AF93-7D42C21131EF} = {A27260DB-3117-4584-B10C-966CED1E3596}
		{452200C3-320C-40FC-A00C-4019F9490E08} = {6DE58919-642C-409B-AD37-FEBD404A6640}
		{D356D153-9456-4176-BBF0-0EEE24431FBD} = {6DE58919-642C-409B-AD37-FEBD404A6640}
		{B87F6BA8-662F-46AA-96C1-BD8F20EEAEE7} = {6DE58919-642C-409B-AD37-FEBD404A6640}
	EndGlobalSection
	GlobalSection(ExtensibilityGlobals) = postSolution
		SolutionGuid = {11C30123-184E-4AAF-A07A-B1EFC5B79A08}
	EndGlobalSection
EndGlobal
